// !$*UTF8*$!
{
	archiveVersion = 1;
	classes = {
	};
	objectVersion = 55;
	objects = {

/* Begin PBXBuildFile section */
		B260A38627C587420065CE08 /* BoardBunnyGameApp.swift in Sources */ = {isa = PBXBuildFile; fileRef = B260A38527C587420065CE08 /* BoardBunnyGameApp.swift */; };
		B260A38A27C587420065CE08 /* Assets.xcassets in Resources */ = {isa = PBXBuildFile; fileRef = B260A38927C587420065CE08 /* Assets.xcassets */; };
		B260A39427C591CD0065CE08 /* MenuView.swift in Sources */ = {isa = PBXBuildFile; fileRef = B260A39327C591CD0065CE08 /* MenuView.swift */; };
		B260A39827C594970065CE08 /* PrimaryButton.swift in Sources */ = {isa = PBXBuildFile; fileRef = B260A39727C594970065CE08 /* PrimaryButton.swift */; };
		B260A39B27C594DC0065CE08 /* MenuFormView.swift in Sources */ = {isa = PBXBuildFile; fileRef = B260A39A27C594DC0065CE08 /* MenuFormView.swift */; };
		B260A39E27C5979E0065CE08 /* ThemeColors.swift in Sources */ = {isa = PBXBuildFile; fileRef = B260A39D27C5979E0065CE08 /* ThemeColors.swift */; };
		B260A3A127C597DC0065CE08 /* Color + EX.swift in Sources */ = {isa = PBXBuildFile; fileRef = B260A3A027C597DC0065CE08 /* Color + EX.swift */; };
		B260A3A327C597FF0065CE08 /* BaseColors.swift in Sources */ = {isa = PBXBuildFile; fileRef = B260A3A227C597FF0065CE08 /* BaseColors.swift */; };
		B260A3A627C5987F0065CE08 /* ViewThemeColorModifier.swift in Sources */ = {isa = PBXBuildFile; fileRef = B260A3A527C5987F0065CE08 /* ViewThemeColorModifier.swift */; };
		B260A3AA27C59A080065CE08 /* GameModel.swift in Sources */ = {isa = PBXBuildFile; fileRef = B260A3A927C59A080065CE08 /* GameModel.swift */; };
		B272010A27CD79D20042EC6E /* View + Ex.swift in Sources */ = {isa = PBXBuildFile; fileRef = B272010927CD79D20042EC6E /* View + Ex.swift */; };
		B27750B427C6D28D007BFCA3 /* CardView.swift in Sources */ = {isa = PBXBuildFile; fileRef = B27750B327C6D28D007BFCA3 /* CardView.swift */; };
		B27750B627C6D2D0007BFCA3 /* CardContentView.swift in Sources */ = {isa = PBXBuildFile; fileRef = B27750B527C6D2D0007BFCA3 /* CardContentView.swift */; };
		B27750B827C6D8F5007BFCA3 /* TopPurpleView.swift in Sources */ = {isa = PBXBuildFile; fileRef = B27750B727C6D8F5007BFCA3 /* TopPurpleView.swift */; };
		B28455F227C83DCE00C7B90D /* FlashCardView.swift in Sources */ = {isa = PBXBuildFile; fileRef = B28455F127C83DCE00C7B90D /* FlashCardView.swift */; };
		B28BD13127CEC679005937D9 /* ListOfWordsByCategories.swift in Sources */ = {isa = PBXBuildFile; fileRef = B28BD13027CEC679005937D9 /* ListOfWordsByCategories.swift */; };
		B298B59827CF9BB0005777D8 /* DateView.swift in Sources */ = {isa = PBXBuildFile; fileRef = B298B59727CF9BB0005777D8 /* DateView.swift */; };
/* End PBXBuildFile section */

/* Begin PBXFileReference section */
		B260A38227C587420065CE08 /* Zaec.app */ = {isa = PBXFileReference; explicitFileType = wrapper.application; includeInIndex = 0; path = Zaec.app; sourceTree = BUILT_PRODUCTS_DIR; };
		B260A38527C587420065CE08 /* BoardBunnyGameApp.swift */ = {isa = PBXFileReference; lastKnownFileType = sourcecode.swift; path = BoardBunnyGameApp.swift; sourceTree = "<group>"; };
		B260A38927C587420065CE08 /* Assets.xcassets */ = {isa = PBXFileReference; lastKnownFileType = folder.assetcatalog; path = Assets.xcassets; sourceTree = "<group>"; };
		B260A39327C591CD0065CE08 /* MenuView.swift */ = {isa = PBXFileReference; lastKnownFileType = sourcecode.swift; path = MenuView.swift; sourceTree = "<group>"; };
		B260A39727C594970065CE08 /* PrimaryButton.swift */ = {isa = PBXFileReference; lastKnownFileType = sourcecode.swift; path = PrimaryButton.swift; sourceTree = "<group>"; };
		B260A39A27C594DC0065CE08 /* MenuFormView.swift */ = {isa = PBXFileReference; lastKnownFileType = sourcecode.swift; path = MenuFormView.swift; sourceTree = "<group>"; };
		B260A39D27C5979E0065CE08 /* ThemeColors.swift */ = {isa = PBXFileReference; lastKnownFileType = sourcecode.swift; path = ThemeColors.swift; sourceTree = "<group>"; };
		B260A3A027C597DC0065CE08 /* Color + EX.swift */ = {isa = PBXFileReference; lastKnownFileType = sourcecode.swift; path = "Color + EX.swift"; sourceTree = "<group>"; };
		B260A3A227C597FF0065CE08 /* BaseColors.swift */ = {isa = PBXFileReference; lastKnownFileType = sourcecode.swift; path = BaseColors.swift; sourceTree = "<group>"; };
		B260A3A527C5987F0065CE08 /* ViewThemeColorModifier.swift */ = {isa = PBXFileReference; lastKnownFileType = sourcecode.swift; path = ViewThemeColorModifier.swift; sourceTree = "<group>"; };
		B260A3A927C59A080065CE08 /* GameModel.swift */ = {isa = PBXFileReference; lastKnownFileType = sourcecode.swift; path = GameModel.swift; sourceTree = "<group>"; };
		B272010927CD79D20042EC6E /* View + Ex.swift */ = {isa = PBXFileReference; lastKnownFileType = sourcecode.swift; path = "View + Ex.swift"; sourceTree = "<group>"; };
		B27750B327C6D28D007BFCA3 /* CardView.swift */ = {isa = PBXFileReference; lastKnownFileType = sourcecode.swift; path = CardView.swift; sourceTree = "<group>"; };
		B27750B527C6D2D0007BFCA3 /* CardContentView.swift */ = {isa = PBXFileReference; lastKnownFileType = sourcecode.swift; path = CardContentView.swift; sourceTree = "<group>"; };
		B27750B727C6D8F5007BFCA3 /* TopPurpleView.swift */ = {isa = PBXFileReference; lastKnownFileType = sourcecode.swift; path = TopPurpleView.swift; sourceTree = "<group>"; };
		B28455F127C83DCE00C7B90D /* FlashCardView.swift */ = {isa = PBXFileReference; lastKnownFileType = sourcecode.swift; path = FlashCardView.swift; sourceTree = "<group>"; };
		B28BD13027CEC679005937D9 /* ListOfWordsByCategories.swift */ = {isa = PBXFileReference; lastKnownFileType = sourcecode.swift; path = ListOfWordsByCategories.swift; sourceTree = "<group>"; };
		B298B59727CF9BB0005777D8 /* DateView.swift */ = {isa = PBXFileReference; lastKnownFileType = sourcecode.swift; path = DateView.swift; sourceTree = "<group>"; };
/* End PBXFileReference section */

/* Begin PBXFrameworksBuildPhase section */
		B260A37F27C587420065CE08 /* Frameworks */ = {
			isa = PBXFrameworksBuildPhase;
			buildActionMask = 2147483647;
			files = (
			);
			runOnlyForDeploymentPostprocessing = 0;
		};
/* End PBXFrameworksBuildPhase section */

/* Begin PBXGroup section */
		B260A37927C587420065CE08 = {
			isa = PBXGroup;
			children = (
				B260A38427C587420065CE08 /* BoardBunnyGame */,
				B260A38327C587420065CE08 /* Products */,
			);
			sourceTree = "<group>";
		};
		B260A38327C587420065CE08 /* Products */ = {
			isa = PBXGroup;
			children = (
				B260A38227C587420065CE08 /* Zaec.app */,
			);
			name = Products;
			sourceTree = "<group>";
		};
		B260A38427C587420065CE08 /* BoardBunnyGame */ = {
			isa = PBXGroup;
			children = (
				B28BD12F27CEC64F005937D9 /* Model */,
				B260A3AB27C59AEF0065CE08 /* ViewModel */,
				B260A3A427C598680065CE08 /* ViewModifiers */,
				B260A39F27C597CF0065CE08 /* Extensions */,
				B260A39C27C597870065CE08 /* Utility */,
				B260A39527C5947F0065CE08 /* Views */,
				B260A38527C587420065CE08 /* BoardBunnyGameApp.swift */,
				B260A38927C587420065CE08 /* Assets.xcassets */,
			);
			path = BoardBunnyGame;
			sourceTree = "<group>";
		};
		B260A39527C5947F0065CE08 /* Views */ = {
			isa = PBXGroup;
			children = (
				B27750BA27C6DD5E007BFCA3 /* Game views */,
				B27750B727C6D8F5007BFCA3 /* TopPurpleView.swift */,
				B260A39927C594BE0065CE08 /* MenuViews */,
				B260A39627C594860065CE08 /* Buttons */,
			);
			path = Views;
			sourceTree = "<group>";
		};
		B260A39627C594860065CE08 /* Buttons */ = {
			isa = PBXGroup;
			children = (
				B260A39727C594970065CE08 /* PrimaryButton.swift */,
			);
			path = Buttons;
			sourceTree = "<group>";
		};
		B260A39927C594BE0065CE08 /* MenuViews */ = {
			isa = PBXGroup;
			children = (
				B260A39327C591CD0065CE08 /* MenuView.swift */,
				B260A39A27C594DC0065CE08 /* MenuFormView.swift */,
			);
			path = MenuViews;
			sourceTree = "<group>";
		};
		B260A39C27C597870065CE08 /* Utility */ = {
			isa = PBXGroup;
			children = (
				B260A39D27C5979E0065CE08 /* ThemeColors.swift */,
				B260A3A227C597FF0065CE08 /* BaseColors.swift */,
			);
			path = Utility;
			sourceTree = "<group>";
		};
		B260A39F27C597CF0065CE08 /* Extensions */ = {
			isa = PBXGroup;
			children = (
				B260A3A027C597DC0065CE08 /* Color + EX.swift */,
				B272010927CD79D20042EC6E /* View + Ex.swift */,
			);
			path = Extensions;
			sourceTree = "<group>";
		};
		B260A3A427C598680065CE08 /* ViewModifiers */ = {
			isa = PBXGroup;
			children = (
				B260A3A527C5987F0065CE08 /* ViewThemeColorModifier.swift */,
			);
			path = ViewModifiers;
			sourceTree = "<group>";
		};
		B260A3AB27C59AEF0065CE08 /* ViewModel */ = {
			isa = PBXGroup;
			children = (
				B260A3A927C59A080065CE08 /* GameModel.swift */,
			);
			path = ViewModel;
			sourceTree = "<group>";
		};
		B27750BA27C6DD5E007BFCA3 /* Game views */ = {
			isa = PBXGroup;
			children = (
				B27750B327C6D28D007BFCA3 /* CardView.swift */,
				B27750B527C6D2D0007BFCA3 /* CardContentView.swift */,
				B28455F127C83DCE00C7B90D /* FlashCardView.swift */,
				B298B59727CF9BB0005777D8 /* DateView.swift */,
			);
			path = "Game views";
			sourceTree = "<group>";
		};
		B28BD12F27CEC64F005937D9 /* Model */ = {
			isa = PBXGroup;
			children = (
				B28BD13027CEC679005937D9 /* ListOfWordsByCategories.swift */,
			);
			path = Model;
			sourceTree = "<group>";
		};
/* End PBXGroup section */

/* Begin PBXNativeTarget section */
		B260A38127C587420065CE08 /* Zaec */ = {
			isa = PBXNativeTarget;
			buildConfigurationList = B260A39027C587420065CE08 /* Build configuration list for PBXNativeTarget "Zaec" */;
			buildPhases = (
				B260A37E27C587420065CE08 /* Sources */,
				B260A37F27C587420065CE08 /* Frameworks */,
				B260A38027C587420065CE08 /* Resources */,
			);
			buildRules = (
			);
			dependencies = (
			);
			name = Zaec;
			productName = BoardBunnyGame;
			productReference = B260A38227C587420065CE08 /* Zaec.app */;
			productType = "com.apple.product-type.application";
		};
/* End PBXNativeTarget section */

/* Begin PBXProject section */
		B260A37A27C587420065CE08 /* Project object */ = {
			isa = PBXProject;
			attributes = {
				BuildIndependentTargetsInParallel = 1;
				LastSwiftUpdateCheck = 1320;
				LastUpgradeCheck = 1320;
				TargetAttributes = {
					B260A38127C587420065CE08 = {
						CreatedOnToolsVersion = 13.2.1;
					};
				};
			};
			buildConfigurationList = B260A37D27C587420065CE08 /* Build configuration list for PBXProject "Zaec" */;
			compatibilityVersion = "Xcode 13.0";
			developmentRegion = en;
			hasScannedForEncodings = 0;
			knownRegions = (
				en,
				Base,
			);
			mainGroup = B260A37927C587420065CE08;
			productRefGroup = B260A38327C587420065CE08 /* Products */;
			projectDirPath = "";
			projectRoot = "";
			targets = (
				B260A38127C587420065CE08 /* Zaec */,
			);
		};
/* End PBXProject section */

/* Begin PBXResourcesBuildPhase section */
		B260A38027C587420065CE08 /* Resources */ = {
			isa = PBXResourcesBuildPhase;
			buildActionMask = 2147483647;
			files = (
				B260A38A27C587420065CE08 /* Assets.xcassets in Resources */,
			);
			runOnlyForDeploymentPostprocessing = 0;
		};
/* End PBXResourcesBuildPhase section */

/* Begin PBXSourcesBuildPhase section */
		B260A37E27C587420065CE08 /* Sources */ = {
			isa = PBXSourcesBuildPhase;
			buildActionMask = 2147483647;
			files = (
				B260A3A127C597DC0065CE08 /* Color + EX.swift in Sources */,
				B260A39E27C5979E0065CE08 /* ThemeColors.swift in Sources */,
				B298B59827CF9BB0005777D8 /* DateView.swift in Sources */,
				B27750B827C6D8F5007BFCA3 /* TopPurpleView.swift in Sources */,
				B260A39827C594970065CE08 /* PrimaryButton.swift in Sources */,
				B260A3A627C5987F0065CE08 /* ViewThemeColorModifier.swift in Sources */,
				B260A3AA27C59A080065CE08 /* GameModel.swift in Sources */,
				B272010A27CD79D20042EC6E /* View + Ex.swift in Sources */,
				B260A39B27C594DC0065CE08 /* MenuFormView.swift in Sources */,
				B28BD13127CEC679005937D9 /* ListOfWordsByCategories.swift in Sources */,
				B260A39427C591CD0065CE08 /* MenuView.swift in Sources */,
				B28455F227C83DCE00C7B90D /* FlashCardView.swift in Sources */,
				B260A38627C587420065CE08 /* BoardBunnyGameApp.swift in Sources */,
				B27750B627C6D2D0007BFCA3 /* CardContentView.swift in Sources */,
				B27750B427C6D28D007BFCA3 /* CardView.swift in Sources */,
				B260A3A327C597FF0065CE08 /* BaseColors.swift in Sources */,
			);
			runOnlyForDeploymentPostprocessing = 0;
		};
/* End PBXSourcesBuildPhase section */

/* Begin XCBuildConfiguration section */
		B260A38E27C587420065CE08 /* Debug */ = {
			isa = XCBuildConfiguration;
			buildSettings = {
				ALWAYS_SEARCH_USER_PATHS = NO;
				CLANG_ANALYZER_NONNULL = YES;
				CLANG_ANALYZER_NUMBER_OBJECT_CONVERSION = YES_AGGRESSIVE;
				CLANG_CXX_LANGUAGE_STANDARD = "gnu++17";
				CLANG_CXX_LIBRARY = "libc++";
				CLANG_ENABLE_MODULES = YES;
				CLANG_ENABLE_OBJC_ARC = YES;
				CLANG_ENABLE_OBJC_WEAK = YES;
				CLANG_WARN_BLOCK_CAPTURE_AUTORELEASING = YES;
				CLANG_WARN_BOOL_CONVERSION = YES;
				CLANG_WARN_COMMA = YES;
				CLANG_WARN_CONSTANT_CONVERSION = YES;
				CLANG_WARN_DEPRECATED_OBJC_IMPLEMENTATIONS = YES;
				CLANG_WARN_DIRECT_OBJC_ISA_USAGE = YES_ERROR;
				CLANG_WARN_DOCUMENTATION_COMMENTS = YES;
				CLANG_WARN_EMPTY_BODY = YES;
				CLANG_WARN_ENUM_CONVERSION = YES;
				CLANG_WARN_INFINITE_RECURSION = YES;
				CLANG_WARN_INT_CONVERSION = YES;
				CLANG_WARN_NON_LITERAL_NULL_CONVERSION = YES;
				CLANG_WARN_OBJC_IMPLICIT_RETAIN_SELF = YES;
				CLANG_WARN_OBJC_LITERAL_CONVERSION = YES;
				CLANG_WARN_OBJC_ROOT_CLASS = YES_ERROR;
				CLANG_WARN_QUOTED_INCLUDE_IN_FRAMEWORK_HEADER = YES;
				CLANG_WARN_RANGE_LOOP_ANALYSIS = YES;
				CLANG_WARN_STRICT_PROTOTYPES = YES;
				CLANG_WARN_SUSPICIOUS_MOVE = YES;
				CLANG_WARN_UNGUARDED_AVAILABILITY = YES_AGGRESSIVE;
				CLANG_WARN_UNREACHABLE_CODE = YES;
				CLANG_WARN__DUPLICATE_METHOD_MATCH = YES;
				COPY_PHASE_STRIP = NO;
				DEBUG_INFORMATION_FORMAT = dwarf;
				ENABLE_STRICT_OBJC_MSGSEND = YES;
				ENABLE_TESTABILITY = YES;
				GCC_C_LANGUAGE_STANDARD = gnu11;
				GCC_DYNAMIC_NO_PIC = NO;
				GCC_NO_COMMON_BLOCKS = YES;
				GCC_OPTIMIZATION_LEVEL = 0;
				GCC_PREPROCESSOR_DEFINITIONS = (
					"DEBUG=1",
					"$(inherited)",
				);
				GCC_WARN_64_TO_32_BIT_CONVERSION = YES;
				GCC_WARN_ABOUT_RETURN_TYPE = YES_ERROR;
				GCC_WARN_UNDECLARED_SELECTOR = YES;
				GCC_WARN_UNINITIALIZED_AUTOS = YES_AGGRESSIVE;
				GCC_WARN_UNUSED_FUNCTION = YES;
				GCC_WARN_UNUSED_VARIABLE = YES;
				IPHONEOS_DEPLOYMENT_TARGET = 15.2;
				MTL_ENABLE_DEBUG_INFO = INCLUDE_SOURCE;
				MTL_FAST_MATH = YES;
				ONLY_ACTIVE_ARCH = YES;
				SDKROOT = iphoneos;
				SWIFT_ACTIVE_COMPILATION_CONDITIONS = DEBUG;
				SWIFT_OPTIMIZATION_LEVEL = "-Onone";
			};
			name = Debug;
		};
		B260A38F27C587420065CE08 /* Release */ = {
			isa = XCBuildConfiguration;
			buildSettings = {
				ALWAYS_SEARCH_USER_PATHS = NO;
				CLANG_ANALYZER_NONNULL = YES;
				CLANG_ANALYZER_NUMBER_OBJECT_CONVERSION = YES_AGGRESSIVE;
				CLANG_CXX_LANGUAGE_STANDARD = "gnu++17";
				CLANG_CXX_LIBRARY = "libc++";
				CLANG_ENABLE_MODULES = YES;
				CLANG_ENABLE_OBJC_ARC = YES;
				CLANG_ENABLE_OBJC_WEAK = YES;
				CLANG_WARN_BLOCK_CAPTURE_AUTORELEASING = YES;
				CLANG_WARN_BOOL_CONVERSION = YES;
				CLANG_WARN_COMMA = YES;
				CLANG_WARN_CONSTANT_CONVERSION = YES;
				CLANG_WARN_DEPRECATED_OBJC_IMPLEMENTATIONS = YES;
				CLANG_WARN_DIRECT_OBJC_ISA_USAGE = YES_ERROR;
				CLANG_WARN_DOCUMENTATION_COMMENTS = YES;
				CLANG_WARN_EMPTY_BODY = YES;
				CLANG_WARN_ENUM_CONVERSION = YES;
				CLANG_WARN_INFINITE_RECURSION = YES;
				CLANG_WARN_INT_CONVERSION = YES;
				CLANG_WARN_NON_LITERAL_NULL_CONVERSION = YES;
				CLANG_WARN_OBJC_IMPLICIT_RETAIN_SELF = YES;
				CLANG_WARN_OBJC_LITERAL_CONVERSION = YES;
				CLANG_WARN_OBJC_ROOT_CLASS = YES_ERROR;
				CLANG_WARN_QUOTED_INCLUDE_IN_FRAMEWORK_HEADER = YES;
				CLANG_WARN_RANGE_LOOP_ANALYSIS = YES;
				CLANG_WARN_STRICT_PROTOTYPES = YES;
				CLANG_WARN_SUSPICIOUS_MOVE = YES;
				CLANG_WARN_UNGUARDED_AVAILABILITY = YES_AGGRESSIVE;
				CLANG_WARN_UNREACHABLE_CODE = YES;
				CLANG_WARN__DUPLICATE_METHOD_MATCH = YES;
				COPY_PHASE_STRIP = NO;
				DEBUG_INFORMATION_FORMAT = "dwarf-with-dsym";
				ENABLE_NS_ASSERTIONS = NO;
				ENABLE_STRICT_OBJC_MSGSEND = YES;
				GCC_C_LANGUAGE_STANDARD = gnu11;
				GCC_NO_COMMON_BLOCKS = YES;
				GCC_WARN_64_TO_32_BIT_CONVERSION = YES;
				GCC_WARN_ABOUT_RETURN_TYPE = YES_ERROR;
				GCC_WARN_UNDECLARED_SELECTOR = YES;
				GCC_WARN_UNINITIALIZED_AUTOS = YES_AGGRESSIVE;
				GCC_WARN_UNUSED_FUNCTION = YES;
				GCC_WARN_UNUSED_VARIABLE = YES;
				IPHONEOS_DEPLOYMENT_TARGET = 15.2;
				MTL_ENABLE_DEBUG_INFO = NO;
				MTL_FAST_MATH = YES;
				SDKROOT = iphoneos;
				SWIFT_COMPILATION_MODE = wholemodule;
				SWIFT_OPTIMIZATION_LEVEL = "-O";
				VALIDATE_PRODUCT = YES;
			};
			name = Release;
		};
		B260A39127C587420065CE08 /* Debug */ = {
			isa = XCBuildConfiguration;
			buildSettings = {
				ASSETCATALOG_COMPILER_APPICON_NAME = AppIcon;
				ASSETCATALOG_COMPILER_GLOBAL_ACCENT_COLOR_NAME = AccentColor;
				CODE_SIGN_STYLE = Automatic;
				CURRENT_PROJECT_VERSION = 1;
				DEVELOPMENT_ASSET_PATHS = "\"BoardBunnyGame/Preview Content\"";
				DEVELOPMENT_TEAM = FC9Y234L7A;
				ENABLE_PREVIEWS = YES;
				GENERATE_INFOPLIST_FILE = YES;
				INFOPLIST_KEY_UIApplicationSceneManifest_Generation = YES;
				INFOPLIST_KEY_UIApplicationSupportsIndirectInputEvents = YES;
				INFOPLIST_KEY_UILaunchScreen_Generation = YES;
				INFOPLIST_KEY_UISupportedInterfaceOrientations_iPad = "UIInterfaceOrientationPortrait UIInterfaceOrientationPortraitUpsideDown UIInterfaceOrientationLandscapeLeft UIInterfaceOrientationLandscapeRight";
				INFOPLIST_KEY_UISupportedInterfaceOrientations_iPhone = "UIInterfaceOrientationPortrait UIInterfaceOrientationLandscapeLeft UIInterfaceOrientationLandscapeRight";
				LD_RUNPATH_SEARCH_PATHS = (
					"$(inherited)",
					"@executable_path/Frameworks",
				);
				MARKETING_VERSION = 1.0;
				PRODUCT_BUNDLE_IDENTIFIER = ru.clevertec.boardBunnyGame.BoardBunnyGame;
				PRODUCT_NAME = Zaec;
				SWIFT_EMIT_LOC_STRINGS = YES;
				SWIFT_VERSION = 5.0;
				TARGETED_DEVICE_FAMILY = "1,2";
			};
			name = Debug;
		};
		B260A39227C587420065CE08 /* Release */ = {
			isa = XCBuildConfiguration;
			buildSettings = {
				ASSETCATALOG_COMPILER_APPICON_NAME = AppIcon;
				ASSETCATALOG_COMPILER_GLOBAL_ACCENT_COLOR_NAME = AccentColor;
				CODE_SIGN_STYLE = Automatic;
				CURRENT_PROJECT_VERSION = 1;
				DEVELOPMENT_ASSET_PATHS = "\"BoardBunnyGame/Preview Content\"";
				DEVELOPMENT_TEAM = FC9Y234L7A;
				ENABLE_PREVIEWS = YES;
				GENERATE_INFOPLIST_FILE = YES;
				INFOPLIST_KEY_UIApplicationSceneManifest_Generation = YES;
				INFOPLIST_KEY_UIApplicationSupportsIndirectInputEvents = YES;
				INFOPLIST_KEY_UILaunchScreen_Generation = YES;
				INFOPLIST_KEY_UISupportedInterfaceOrientations_iPad = "UIInterfaceOrientationPortrait UIInterfaceOrientationPortraitUpsideDown UIInterfaceOrientationLandscapeLeft UIInterfaceOrientationLandscapeRight";
				INFOPLIST_KEY_UISupportedInterfaceOrientations_iPhone = "UIInterfaceOrientationPortrait UIInterfaceOrientationLandscapeLeft UIInterfaceOrientationLandscapeRight";
				LD_RUNPATH_SEARCH_PATHS = (
					"$(inherited)",
					"@executable_path/Frameworks",
				);
				MARKETING_VERSION = 1.0;
				PRODUCT_BUNDLE_IDENTIFIER = ru.clevertec.boardBunnyGame.BoardBunnyGame;
				PRODUCT_NAME = Zaec;
				SWIFT_EMIT_LOC_STRINGS = YES;
				SWIFT_VERSION = 5.0;
				TARGETED_DEVICE_FAMILY = "1,2";
			};
			name = Release;
		};
/* End XCBuildConfiguration section */

/* Begin XCConfigurationList section */
		B260A37D27C587420065CE08 /* Build configuration list for PBXProject "Zaec" */ = {
			isa = XCConfigurationList;
			buildConfigurations = (
				B260A38E27C587420065CE08 /* Debug */,
				B260A38F27C587420065CE08 /* Release */,
			);
			defaultConfigurationIsVisible = 0;
			defaultConfigurationName = Release;
		};
		B260A39027C587420065CE08 /* Build configuration list for PBXNativeTarget "Zaec" */ = {
			isa = XCConfigurationList;
			buildConfigurations = (
				B260A39127C587420065CE08 /* Debug */,
				B260A39227C587420065CE08 /* Release */,
			);
			defaultConfigurationIsVisible = 0;
			defaultConfigurationName = Release;
		};
/* End XCConfigurationList section */
	};
	rootObject = B260A37A27C587420065CE08 /* Project object */;
}
